
Microsoft Visual Studio Solution File, Format Version 12.00
# Visual Studio Version 17
VisualStudioVersion = 17.3.32901.215
MinimumVisualStudioVersion = 10.0.40219.1
Project("{FAE04EC0-301F-11D3-BF4B-00C04F79EFBC}") = "MVCBasic", "MVCBasic\MVCBasic.csproj", "{15477F94-6DB4-48B5-BFAC-1DCEDA43DFFA}"
EndProject
Global
	GlobalSection(SolutionConfigurationPlatforms) = preSolution
		Debug|Any CPU = Debug|Any CPU
		Release|Any CPU = Release|Any CPU
	EndGlobalSection
	GlobalSection(ProjectConfigurationPlatforms) = postSolution
		{15477F94-6DB4-48B5-BFAC-1DCEDA43DFFA}.Debug|Any CPU.ActiveCfg = Debug|Any CPU
		{15477F94-6DB4-48B5-BFAC-1DCEDA43DFFA}.Debug|Any CPU.Build.0 = Debug|Any CPU
		{15477F94-6DB4-48B5-BFAC-1DCEDA43DFFA}.Release|Any CPU.ActiveCfg = Release|Any CPU
		{15477F94-6DB4-48B5-BFAC-1DCEDA43DFFA}.Release|Any CPU.Build.0 = Release|Any CPU
	EndGlobalSection
	GlobalSection(SolutionProperties) = preSolution
		HideSolutionNode = FALSE
	EndGlobalSection
	GlobalSection(ExtensibilityGlobals) = postSolution
		SolutionGuid = {7D8F88C6-C7DC-4C95-AB2F-386EC601AF1D}
	EndGlobalSection
EndGlobal
